{
  "pins" : [
    {
      "identity" : "networkutility",
      "kind" : "remoteSourceControl",
      "location" : "https://github.com/koushik0910/NetworkUtility.git",
      "state" : {
        "branch" : "main",
        "revision" : "091ff5d54dd4fd6e853e895ee850aba330f76207"
      }
    }
  ],
  "version" : 2
}
